dependencies:
  espressif/esp_tinyusb:
    component_hash: f151d680d6847bfcfd5d8eb6d1c3ff926c208e6b963b2e83643a141bc70baa15
    source:
      service_url: https://api.components.espressif.com/
      type: service
    version: 1.4.4
  espressif/jsmn:
    component_hash: d80350c41bbaa827c98a25b6072df00884e72f54885996fab4a4f0aebce6b6c3
    source:
      service_url: https://api.components.espressif.com/
      type: service
    version: 1.1.0
  espressif/tinyusb:
    component_hash: 214989d502fc168241a4a4f83b097d8ac44a93cd6f1787b4ac10069a8b3bebd3
    source:
      service_url: https://api.components.espressif.com/
      type: service
    version: 0.15.0~10
  idf:
    component_hash: null
    source:
      type: idf
    version: 5.1.0
manifest_hash: 6b95f041c2d93683f828b094f043064399187ce84e8e8cf460275847cf282497
target: esp32s3
version: 1.0.0
